# This file is automatically @generated by Cargo.
# It is not intended for manual editing.
version = 3

[[package]]
name = "bitflags"
version = "2.6.0"
source = "registry+https://github.com/rust-lang/crates.io-index"
checksum = "b048fb63fd8b5923fc5aa7b340d8e156aec7ec02f0c78fa8a6ddc2613f6f71de"

[[package]]
name = "wasi"
version = "0.13.2+wasi-0.2.1"
source = "registry+https://github.com/rust-lang/crates.io-index"
checksum = "d9860ef2271bc7a6e1f985ac4438862a165137fe585ac10bdfad0a8aeb37ba25"
dependencies = [
 "wit-bindgen-rt",
]

[[package]]
name = "wasi_reactor_example"
version = "0.1.0"
dependencies = [
 "wasi",
]

[[package]]
name = "wit-bindgen-rt"
version = "0.29.0"
source = "registry+https://github.com/rust-lang/crates.io-index"
checksum = "4b18e27825442721d23ed98591a80f55220cfe0bf883d92b1ead6c9be237bb34"
dependencies = [
 "bitflags",
]
